{
  "name": "pub",
  "version": "1.0.0",
  "lockfileVersion": 1,
  "requires": true,
  "dependencies": {
    "@tinyhttp/accepts": {
      "version": "2.0.4",
      "resolved": "https://registry.npmjs.org/@tinyhttp/accepts/-/accepts-2.0.4.tgz",
      "integrity": "sha512-Qz+ReA+DaXCNKdzicVZhl4qUhGpLKQ8vYNMU+pm3PtSBwY32wXw+k0nh6+XBhrKnZ4/o8QeMCV5x7XTtJfW//Q==",
      "requires": {
        "es-mime-types": "^0.1.4",
        "negotiator": "^0.6.2"
      }
    },
    "@tinyhttp/app": {
      "version": "2.0.11",
      "resolved": "https://registry.npmjs.org/@tinyhttp/app/-/app-2.0.11.tgz",
      "integrity": "sha512-Ueo5+hvjoyaw5darnRan5MaOxHfliOfvI6TnCUBWV/5iWyltYSrW25SpUg49TMvQTbUd7pTAphCE6EQQoYBtbg==",
      "requires": {
        "@tinyhttp/cookie": "2.0.3",
        "@tinyhttp/proxy-addr": "2.0.2",
        "@tinyhttp/req": "2.0.8",
        "@tinyhttp/res": "2.0.9",
        "@tinyhttp/router": "2.0.3",
        "header-range-parser": "^1.1.1",
        "regexparam": "^2.0.0"
      }
    },
    "@tinyhttp/content-disposition": {
      "version": "2.0.4",
      "resolved": "https://registry.npmjs.org/@tinyhttp/content-disposition/-/content-disposition-2.0.4.tgz",
      "integrity": "sha512-SGU8nVfDbiJa5eCA7BWUEMjSaf/b6nLQHEzuzmKhA3BIGHuBWXSIcr1dGeLopmohQoZkIQfk5psM5TOgVgrraA=="
    },
    "@tinyhttp/cookie": {
      "version": "2.0.3",
      "resolved": "https://registry.npmjs.org/@tinyhttp/cookie/-/cookie-2.0.3.tgz",
      "integrity": "sha512-ZHvDHyNc0VwKLgFqwCNbrMObJqJHKQNnMARdPlK2+VvKVB3h/ZT5kYAXYFxxWFJFNqXaXz0E7i2kX32bMeMGUw=="
    },
    "@tinyhttp/cookie-signature": {
      "version": "2.0.2",
      "resolved": "https://registry.npmjs.org/@tinyhttp/cookie-signature/-/cookie-signature-2.0.2.tgz",
      "integrity": "sha512-lyIdDzLILp6T2fymJn9zKBgXwlZMIUiqMUIEd4x/ZGFNvnNs/zeYDBQFdAygBtv4Bgl5Zpf6tN+e6fkj6TlMYQ=="
    },
    "@tinyhttp/encode-url": {
      "version": "2.0.3",
      "resolved": "https://registry.npmjs.org/@tinyhttp/encode-url/-/encode-url-2.0.3.tgz",
      "integrity": "sha512-bAKjBLhYTZZgLphZ9B09Q8bQ39RejEiB1+3Rjjmkb/Q2cIKOWvRNTgkeQ3D6ITefxW9KMPE9eab51PPYhFbvbg=="
    },
    "@tinyhttp/etag": {
      "version": "2.0.2",
      "resolved": "https://registry.npmjs.org/@tinyhttp/etag/-/etag-2.0.2.tgz",
      "integrity": "sha512-utxkv5skxWJESUAKZk7F11DcgBiE4vBXiPfnWZcGNZDa6T372V2ESUD2Y7fV85bsC1/4ZrnnmS7lg9Nd401oLw=="
    },
    "@tinyhttp/forwarded": {
      "version": "2.0.2",
      "resolved": "https://registry.npmjs.org/@tinyhttp/forwarded/-/forwarded-2.0.2.tgz",
      "integrity": "sha512-q+l7xMyN7buYjUfWbepLM36lI7FZmv+sm0arqzFGrTVWfEbKLiHTv+5c7H3O8/aYcxuyR4cBUrmwT6jw4dZhFw=="
    },
    "@tinyhttp/proxy-addr": {
      "version": "2.0.2",
      "resolved": "https://registry.npmjs.org/@tinyhttp/proxy-addr/-/proxy-addr-2.0.2.tgz",
      "integrity": "sha512-wuXpzG9XsUQ2/YvCL5BSvp1JXc5HIuXlVJhMqdC0wv8iKF3hHv62H5XVd/wvzo/OWgiqt4hjxA4wITzND5Ed+g==",
      "requires": {
        "@tinyhttp/forwarded": "2.0.2",
        "ipaddr.js": "^2.0.1"
      }
    },
    "@tinyhttp/req": {
      "version": "2.0.8",
      "resolved": "https://registry.npmjs.org/@tinyhttp/req/-/req-2.0.8.tgz",
      "integrity": "sha512-Hndl83KEHJd2oDw2kdg1NmroYj1fjPBRpVXbgmbJ3+Yz5yInaugnbD1FAjL2sPX0ZMwDF+x3wlBrULRGQzccxw==",
      "requires": {
        "@tinyhttp/accepts": "2.0.4",
        "@tinyhttp/type-is": "2.0.3",
        "@tinyhttp/url": "2.0.3",
        "es-fresh": "^0.0.10",
        "header-range-parser": "^1.1.1"
      }
    },
    "@tinyhttp/res": {
      "version": "2.0.9",
      "resolved": "https://registry.npmjs.org/@tinyhttp/res/-/res-2.0.9.tgz",
      "integrity": "sha512-twHhwFiGah3i9erm9Ky7fIxVYTmE7qJCNp1F11XkYHx6ZrG6gNR/xDcsmde8cak+jJOrLBX62rjcSSAMUqPpZQ==",
      "requires": {
        "@tinyhttp/content-disposition": "2.0.4",
        "@tinyhttp/cookie": "2.0.3",
        "@tinyhttp/cookie-signature": "2.0.2",
        "@tinyhttp/encode-url": "2.0.3",
        "@tinyhttp/req": "2.0.8",
        "@tinyhttp/send": "2.0.3",
        "es-escape-html": "^0.1.1",
        "es-mime-types": "^0.1.4",
        "es-vary": "^0.1.1"
      }
    },
    "@tinyhttp/router": {
      "version": "2.0.3",
      "resolved": "https://registry.npmjs.org/@tinyhttp/router/-/router-2.0.3.tgz",
      "integrity": "sha512-WwZqSOv4bJmzMQgP66No0ZUiTpiysQAn6ubmsf8iqO+SWyPeKD5kemAfGnHoPl1dRtvZa4Zi+0uxxDMc963I7A=="
    },
    "@tinyhttp/send": {
      "version": "2.0.3",
      "resolved": "https://registry.npmjs.org/@tinyhttp/send/-/send-2.0.3.tgz",
      "integrity": "sha512-oU4Q6NJzXJeOVCdYbgtOFlq5viEpKUFkZVpbF5AqFD64yzPp2vX9MuiSVvrIzL9Ls2qR+OzWsrwuXIkKzjW+xg==",
      "requires": {
        "@tinyhttp/etag": "2.0.2",
        "es-content-type": "^0.1.0",
        "es-mime-types": "^0.1.4"
      }
    },
    "@tinyhttp/type-is": {
      "version": "2.0.3",
      "resolved": "https://registry.npmjs.org/@tinyhttp/type-is/-/type-is-2.0.3.tgz",
      "integrity": "sha512-vmOvbI7dSue4oV5JRbEpgJGgsfQE/Gd6eqEIhdeRO0jcVUzJaYx2/XvBGbBG9Mo8MGFjiEiq7qBzeOFctCmXBw==",
      "requires": {
        "es-content-type": "^0.1.0",
        "es-mime-types": "^0.1.4"
      }
    },
    "@tinyhttp/url": {
      "version": "2.0.3",
      "resolved": "https://registry.npmjs.org/@tinyhttp/url/-/url-2.0.3.tgz",
      "integrity": "sha512-0KRWSE0W4hjejHJ1ksmUIIp3Rvn/6nDa5sYQ7gjwsixYQ8J8vTSOtPI7FOkH9M/evsnCGrCYp5JNBnqTjkShTw=="
    },
    "cluster-key-slot": {
      "version": "1.1.0",
      "resolved": "https://registry.npmjs.org/cluster-key-slot/-/cluster-key-slot-1.1.0.tgz",
      "integrity": "sha512-2Nii8p3RwAPiFwsnZvukotvow2rIHM+yQ6ZcBXGHdniadkYGZYiGmkHJIbZPIV9nfv7m/U1IPMVVcAhoWFeklw=="
    },
    "debug": {
      "version": "4.3.2",
      "resolved": "https://registry.npmjs.org/debug/-/debug-4.3.2.tgz",
      "integrity": "sha512-mOp8wKcvj7XxC78zLgw/ZA+6TSgkoE2C/ienthhRD298T7UNwAg9diBpLRxC0mOezLl4B0xV7M0cCO6P/O0Xhw==",
      "requires": {
        "ms": "2.1.2"
      }
    },
    "denque": {
      "version": "1.5.1",
      "resolved": "https://registry.npmjs.org/denque/-/denque-1.5.1.tgz",
      "integrity": "sha512-XwE+iZ4D6ZUB7mfYRMb5wByE8L74HCn30FBN7sWnXksWc1LO1bPDl67pBR9o/kC4z/xSNAwkMYcGgqDV3BE3Hw=="
    },
    "es-content-type": {
      "version": "0.1.0",
      "resolved": "https://registry.npmjs.org/es-content-type/-/es-content-type-0.1.0.tgz",
      "integrity": "sha512-DqWU9pSzhNlO10q+NQ/KebImLkKbwbcy0pSv3hNQfEpKFHsrqDJz2vajpZdq7nkiG9DoJcTh22oHGymp7XJd9g=="
    },
    "es-escape-html": {
      "version": "0.1.1",
      "resolved": "https://registry.npmjs.org/es-escape-html/-/es-escape-html-0.1.1.tgz",
      "integrity": "sha512-yUx1o+8RsG7UlszmYPtks+dm6Lho2m8lgHMOsLJQsFI0R8XwUJwiMhM1M4E/S8QLeGyf6MkDV/pWgjQ0tdTSyQ=="
    },
    "es-fresh": {
      "version": "0.0.10",
      "resolved": "https://registry.npmjs.org/es-fresh/-/es-fresh-0.0.10.tgz",
      "integrity": "sha512-/e5etUqtxj7JktALldpsDNC84DOHavN9PqojnTTGeX1M2/Q4/SF8d55d7AsB3n66WYS43hdBbn0sAllto5kSIg=="
    },
    "es-mime-types": {
      "version": "0.1.4",
      "resolved": "https://registry.npmjs.org/es-mime-types/-/es-mime-types-0.1.4.tgz",
      "integrity": "sha512-rUrmfrUIHU/4ykYB+YH80LDiSpmn6sE/A9E8EsFZP4LCtf/PH+ju6d6goFJ8fsGf81pRtQn1cJSmp8JGA9YkfQ==",
      "requires": {
        "mime-db": "^1.50.0"
      }
    },
    "es-vary": {
      "version": "0.1.1",
      "resolved": "https://registry.npmjs.org/es-vary/-/es-vary-0.1.1.tgz",
      "integrity": "sha512-4UOWrTu8lz5otSyWxcS0LbYz8WyYOEiWHGkBIu0VfhTsY+vtc7+fOSDHsxtEUBeu7mDnTwqsKg5NEXeq5Da1Hg=="
    },
    "header-range-parser": {
      "version": "1.1.1",
      "resolved": "https://registry.npmjs.org/header-range-parser/-/header-range-parser-1.1.1.tgz",
      "integrity": "sha512-aVuAHdlgxPCMkOtKTdUoH72eAHEAqmZqA+oQxvDv1DkYS50KgCt218AYd89/+Pd7+TFQimzn/9LNVfUPEBbRDQ=="
    },
    "ioredis": {
      "version": "4.28.0",
      "resolved": "https://registry.npmjs.org/ioredis/-/ioredis-4.28.0.tgz",
      "integrity": "sha512-I+zkeeWp3XFgPT2CtJKxvaF5FjGBGt4yGYljRjQecdQKteThuAsKqffeF1lgHVlYnuNeozRbPOCDNZ7tDWPeig==",
      "requires": {
        "cluster-key-slot": "^1.1.0",
        "debug": "^4.3.1",
        "denque": "^1.1.0",
        "lodash.defaults": "^4.2.0",
        "lodash.flatten": "^4.4.0",
        "lodash.isarguments": "^3.1.0",
        "p-map": "^2.1.0",
        "redis-commands": "1.7.0",
        "redis-errors": "^1.2.0",
        "redis-parser": "^3.0.0",
        "standard-as-callback": "^2.1.0"
      }
    },
    "ipaddr.js": {
      "version": "2.0.1",
      "resolved": "https://registry.npmjs.org/ipaddr.js/-/ipaddr.js-2.0.1.tgz",
      "integrity": "sha512-1qTgH9NG+IIJ4yfKs2e6Pp1bZg8wbDbKHT21HrLIeYBTRLgMYKnMTPAuI3Lcs61nfx5h1xlXnbJtH1kX5/d/ng=="
    },
    "lodash.defaults": {
      "version": "4.2.0",
      "resolved": "https://registry.npmjs.org/lodash.defaults/-/lodash.defaults-4.2.0.tgz",
      "integrity": "sha1-0JF4cW/+pN3p5ft7N/bwgCJ0WAw="
    },
    "lodash.flatten": {
      "version": "4.4.0",
      "resolved": "https://registry.npmjs.org/lodash.flatten/-/lodash.flatten-4.4.0.tgz",
      "integrity": "sha1-8xwiIlqWMtK7+OSt2+8kCqdlph8="
    },
    "lodash.isarguments": {
      "version": "3.1.0",
      "resolved": "https://registry.npmjs.org/lodash.isarguments/-/lodash.isarguments-3.1.0.tgz",
      "integrity": "sha1-L1c9hcaiQon/AGY7SRwdM4/zRYo="
    },
    "milliparsec": {
      "version": "2.2.0",
      "resolved": "https://registry.npmjs.org/milliparsec/-/milliparsec-2.2.0.tgz",
      "integrity": "sha512-XSFb2bjkmLSd76HEOvZSe+Ei6eWNeDpVU+f8w/XniI+xJlTacuVWCjB61kZNMbjJLcRPHpupfe4PBnDpM19xcA=="
    },
    "mime-db": {
      "version": "1.50.0",
      "resolved": "https://registry.npmjs.org/mime-db/-/mime-db-1.50.0.tgz",
      "integrity": "sha512-9tMZCDlYHqeERXEHO9f/hKfNXhre5dK2eE/krIvUjZbS2KPcqGDfNShIWS1uW9XOTKQKqK6qbeOci18rbfW77A=="
    },
    "ms": {
      "version": "2.1.2",
      "resolved": "https://registry.npmjs.org/ms/-/ms-2.1.2.tgz",
      "integrity": "sha512-sGkPx+VjMtmA6MX27oA4FBFELFCZZ4S4XqeGOXCv68tT+jb3vk/RyaKWP0PTKyWtmLSM0b+adUTEvbs1PEaH2w=="
    },
    "negotiator": {
      "version": "0.6.2",
      "resolved": "https://registry.npmjs.org/negotiator/-/negotiator-0.6.2.tgz",
      "integrity": "sha512-hZXc7K2e+PgeI1eDBe/10Ard4ekbfrrqG8Ep+8Jmf4JID2bNg7NvCPOZN+kfF574pFQI7mum2AUqDidoKqcTOw=="
    },
    "p-map": {
      "version": "2.1.0",
      "resolved": "https://registry.npmjs.org/p-map/-/p-map-2.1.0.tgz",
      "integrity": "sha512-y3b8Kpd8OAN444hxfBbFfj1FY/RjtTd8tzYwhUqNYXx0fXx2iX4maP4Qr6qhIKbQXI02wTLAda4fYUbDagTUFw=="
    },
    "redis-commands": {
      "version": "1.7.0",
      "resolved": "https://registry.npmjs.org/redis-commands/-/redis-commands-1.7.0.tgz",
      "integrity": "sha512-nJWqw3bTFy21hX/CPKHth6sfhZbdiHP6bTawSgQBlKOVRG7EZkfHbbHwQJnrE4vsQf0CMNE+3gJ4Fmm16vdVlQ=="
    },
    "redis-errors": {
      "version": "1.2.0",
      "resolved": "https://registry.npmjs.org/redis-errors/-/redis-errors-1.2.0.tgz",
      "integrity": "sha1-62LSrbFeTq9GEMBK/hUpOEJQq60="
    },
    "redis-parser": {
      "version": "3.0.0",
      "resolved": "https://registry.npmjs.org/redis-parser/-/redis-parser-3.0.0.tgz",
      "integrity": "sha1-tm2CjNyv5rS4pCin3vTGvKwxyLQ=",
      "requires": {
        "redis-errors": "^1.0.0"
      }
    },
    "regexparam": {
      "version": "2.0.0",
      "resolved": "https://registry.npmjs.org/regexparam/-/regexparam-2.0.0.tgz",
      "integrity": "sha512-gJKwd2MVPWHAIFLsaYDZfyKzHNS4o7E/v8YmNf44vmeV2e4YfVoDToTOKTvE7ab68cRJ++kLuEXJBaEeJVt5ow=="
    },
    "standard-as-callback": {
      "version": "2.1.0",
      "resolved": "https://registry.npmjs.org/standard-as-callback/-/standard-as-callback-2.1.0.tgz",
      "integrity": "sha512-qoRRSyROncaz1z0mvYqIE4lCd9p2R90i6GxW3uZv5ucSu8tU7B5HXUP1gG8pVZsYNVaXjk8ClXHPttLyxAL48A=="
    }
  }
}
